{"format_version":"1.1","terraform_version":"1.4.6","variables":{"image":{"value":"v1"},"projectname":{"value":"evilcorp"}},"planned_values":{"root_module":{"child_modules":[{"resources":[{"address":"module.ecr.aws_ecr_repository.project","mode":"managed","type":"aws_ecr_repository","name":"project","provider_name":"registry.terraform.io/hashicorp/aws","schema_version":0,"values":{"encryption_configuration":[],"force_delete":null,"image_scanning_configuration":[{"scan_on_push":false}],"image_tag_mutability":"MUTABLE","name":"evilcorp-registry","tags":null,"timeouts":null},"sensitive_values":{"encryption_configuration":[],"image_scanning_configuration":[{}],"tags_all":{}}}],"address":"module.ecr"},{"resources":[{"address":"module.ecs.aws_cloudwatch_log_group.log_group","mode":"managed","type":"aws_cloudwatch_log_group","name":"log_group","provider_name":"registry.terraform.io/hashicorp/aws","schema_version":0,"values":{"kms_key_id":null,"name":"evilcorp","retention_in_days":0,"skip_destroy":false,"tags":null},"sensitive_values":{"tags_all":{}}},{"address":"module.ecs.aws_ecs_cluster.project","mode":"managed","type":"aws_ecs_cluster","name":"project","provider_name":"registry.terraform.io/hashicorp/aws","schema_version":0,"values":{"configuration":[],"name":"evilcorp-cluster","service_connect_defaults":[],"setting":[{"name":"containerInsights","value":"enabled"}],"tags":null},"sensitive_values":{"capacity_providers":[],"configuration":[],"default_capacity_provider_strategy":[],"service_connect_defaults":[],"setting":[{}],"tags_all":{}}},{"address":"module.ecs.aws_ecs_cluster_capacity_providers.project","mode":"managed","type":"aws_ecs_cluster_capacity_providers","name":"project","provider_name":"registry.terraform.io/hashicorp/aws","schema_version":0,"values":{"capacity_providers":["FARGATE"],"cluster_name":"evilcorp-cluster","default_capacity_provider_strategy":[{"base":1,"capacity_provider":"FARGATE","weight":100}]},"sensitive_values":{"capacity_providers":[false],"default_capacity_provider_strategy":[{}]}},{"address":"module.ecs.aws_ecs_service.project","mode":"managed","type":"aws_ecs_service","name":"project","provider_name":"registry.terraform.io/hashicorp/aws","schema_version":0,"values":{"alarms":[],"capacity_provider_strategy":[],"deployment_circuit_breaker":[],"deployment_controller":[],"deployment_maximum_percent":200,"deployment_minimum_healthy_percent":100,"desired_count":1,"enable_ecs_managed_tags":false,"enable_execute_command":false,"force_new_deployment":null,"health_check_grace_period_seconds":null,"load_balancer":[{"container_name":"evilcorp","container_port":80,"elb_name":""}],"name":"evilcorp-svc","network_configuration":[{"assign_public_ip":true}],"ordered_placement_strategy":[],"placement_constraints":[],"propagate_tags":null,"scheduling_strategy":"REPLICA","service_connect_configuration":[],"service_registries":[],"tags":null,"timeouts":null,"wait_for_steady_state":false},"sensitive_values":{"alarms":[],"capacity_provider_strategy":[],"deployment_circuit_breaker":[],"deployment_controller":[],"load_balancer":[{}],"network_configuration":[{"security_groups":[],"subnets":[]}],"ordered_placement_strategy":[],"placement_constraints":[],"service_connect_configuration":[],"service_registries":[],"tags_all":{},"triggers":{}}},{"address":"module.ecs.aws_ecs_task_definition.project","mode":"managed","type":"aws_ecs_task_definition","name":"project","provider_name":"registry.terraform.io/hashicorp/aws","schema_version":1,"values":{"cpu":"256","ephemeral_storage":[],"execution_role_arn":"arn:aws:iam::225563488370:role/ecsTaskExecutionRole","family":"evilcorp-service","inference_accelerator":[],"ipc_mode":null,"memory":"512","network_mode":"awsvpc","pid_mode":null,"placement_constraints":[],"proxy_configuration":[],"requires_compatibilities":["FARGATE"],"runtime_platform":[{"cpu_architecture":null,"operating_system_family":"LINUX"}],"skip_destroy":false,"tags":null,"task_role_arn":"arn:aws:iam::225563488370:role/ecsTaskExecutionRole","volume":[]},"sensitive_values":{"ephemeral_storage":[],"inference_accelerator":[],"placement_constraints":[],"proxy_configuration":[],"requires_compatibilities":[false],"runtime_platform":[{}],"tags_all":{},"volume":[]}},{"address":"module.ecs.aws_lb.project","mode":"managed","type":"aws_lb","name":"project","provider_name":"registry.terraform.io/hashicorp/aws","schema_version":0,"values":{"access_logs":[],"customer_owned_ipv4_pool":null,"desync_mitigation_mode":"defensive","drop_invalid_header_fields":false,"enable_cross_zone_load_balancing":null,"enable_deletion_protection":false,"enable_http2":true,"enable_tls_version_and_cipher_suite_headers":false,"enable_waf_fail_open":false,"enable_xff_client_port":false,"idle_timeout":60,"internal":false,"load_balancer_type":"application","name":"evilcorp-lb","name_prefix":null,"preserve_host_header":false,"tags":null,"timeouts":null,"xff_header_processing_mode":"append"},"sensitive_values":{"access_logs":[],"security_groups":[],"subnet_mapping":[],"subnets":[],"tags_all":{}}},{"address":"module.ecs.aws_lb_listener.project","mode":"managed","type":"aws_lb_listener","name":"project","provider_name":"registry.terraform.io/hashicorp/aws","schema_version":0,"values":{"alpn_policy":null,"certificate_arn":null,"default_action":[{"authenticate_cognito":[],"authenticate_oidc":[],"fixed_response":[],"forward":[],"redirect":[],"type":"forward"}],"port":80,"protocol":"HTTP","tags":null,"timeouts":null},"sensitive_values":{"default_action":[{"authenticate_cognito":[],"authenticate_oidc":[],"fixed_response":[],"forward":[],"redirect":[]}],"tags_all":{}}},{"address":"module.ecs.aws_lb_target_group.project","mode":"managed","type":"aws_lb_target_group","name":"project","provider_name":"registry.terraform.io/hashicorp/aws","schema_version":0,"values":{"connection_termination":false,"deregistration_delay":"300","lambda_multi_value_headers_enabled":false,"name":"evilcorp-tg","name_prefix":null,"port":80,"protocol":"HTTP","proxy_protocol_v2":false,"slow_start":0,"tags":null,"target_type":"ip"},"sensitive_values":{"health_check":[],"stickiness":[],"tags_all":{},"target_failover":[]}},{"address":"module.ecs.aws_security_group.project","mode":"managed","type":"aws_security_group","name":"project","provider_name":"registry.terraform.io/hashicorp/aws","schema_version":1,"values":{"description":"evilcorp lbs sg","egress":[{"cidr_blocks":["0.0.0.0/0"],"description":"","from_port":0,"ipv6_cidr_blocks":["::/0"],"prefix_list_ids":[],"protocol":"-1","security_groups":[],"self":false,"to_port":0}],"ingress":[{"cidr_blocks":["0.0.0.0/0"],"description":"tcp allow","from_port":0,"ipv6_cidr_blocks":[],"prefix_list_ids":[],"protocol":"tcp","security_groups":[],"self":false,"to_port":0}],"name":"evilcorp-lbs-sg","revoke_rules_on_delete":false,"tags":null,"timeouts":null},"sensitive_values":{"egress":[{"cidr_blocks":[false],"ipv6_cidr_blocks":[false],"prefix_list_ids":[],"security_groups":[]}],"ingress":[{"cidr_blocks":[false],"ipv6_cidr_blocks":[],"prefix_list_ids":[],"security_groups":[]}],"tags_all":{}}},{"address":"module.ecs.aws_security_group.project-ecs","mode":"managed","type":"aws_security_group","name":"project-ecs","provider_name":"registry.terraform.io/hashicorp/aws","schema_version":1,"values":{"description":"evilcorp ecs sg","egress":[{"cidr_blocks":["0.0.0.0/0"],"description":"","from_port":0,"ipv6_cidr_blocks":["::/0"],"prefix_list_ids":[],"protocol":"-1","security_groups":[],"self":false,"to_port":0}],"ingress":[{"cidr_blocks":[],"description":"alb allow","from_port":0,"ipv6_cidr_blocks":[],"prefix_list_ids":[],"protocol":"tcp","self":false,"to_port":0}],"name":"evilcorp-ecs-sg","revoke_rules_on_delete":false,"tags":null,"timeouts":null},"sensitive_values":{"egress":[{"cidr_blocks":[false],"ipv6_cidr_blocks":[false],"prefix_list_ids":[],"security_groups":[]}],"ingress":[{"cidr_blocks":[],"ipv6_cidr_blocks":[],"prefix_list_ids":[],"security_groups":[]}],"tags_all":{}}},{"address":"module.ecs.aws_security_group_rule.project","mode":"managed","type":"aws_security_group_rule","name":"project","provider_name":"registry.terraform.io/hashicorp/aws","schema_version":2,"values":{"cidr_blocks":["0.0.0.0/0"],"description":null,"from_port":80,"ipv6_cidr_blocks":null,"prefix_list_ids":null,"protocol":"tcp","self":false,"timeouts":null,"to_port":80,"type":"ingress"},"sensitive_values":{"cidr_blocks":[false]}}],"address":"module.ecs"},{"resources":[{"address":"module.iam.aws_iam_access_key.users","mode":"managed","type":"aws_iam_access_key","name":"users","provider_name":"registry.terraform.io/hashicorp/aws","schema_version":0,"values":{"pgp_key":null,"status":"Active","user":"evilcorp-user"},"sensitive_values":{}},{"address":"module.iam.aws_iam_group.developers","mode":"managed","type":"aws_iam_group","name":"developers","provider_name":"registry.terraform.io/hashicorp/aws","schema_version":0,"values":{"name":"evilcorp-devs","path":"/"},"sensitive_values":{}},{"address":"module.iam.aws_iam_group_membership.team","mode":"managed","type":"aws_iam_group_membership","name":"team","provider_name":"registry.terraform.io/hashicorp/aws","schema_version":0,"values":{"group":"evilcorp-devs","name":"evilcorp-group-membership","users":["evilcorp-user"]},"sensitive_values":{"users":[false]}},{"address":"module.iam.aws_iam_group_policy_attachment.policy-attach","mode":"managed","type":"aws_iam_group_policy_attachment","name":"policy-attach","provider_name":"registry.terraform.io/hashicorp/aws","schema_version":0,"values":{"group":"evilcorp-devs","policy_arn":"arn:aws:iam::aws:policy/AdministratorAccess"},"sensitive_values":{}},{"address":"module.iam.aws_iam_user.users","mode":"managed","type":"aws_iam_user","name":"users","provider_name":"registry.terraform.io/hashicorp/aws","schema_version":0,"values":{"force_destroy":false,"name":"evilcorp-user","path":"/","permissions_boundary":null,"tags":null},"sensitive_values":{"tags_all":{}}}],"address":"module.iam"},{"resources":[{"address":"module.vpc.aws_internet_gateway.project-igw","mode":"managed","type":"aws_internet_gateway","name":"project-igw","provider_name":"registry.terraform.io/hashicorp/aws","schema_version":0,"values":{"tags":{"Name":"internet gateway"},"tags_all":{"Name":"internet gateway"},"timeouts":null},"sensitive_values":{"tags":{},"tags_all":{}}},{"address":"module.vpc.aws_route_table.project-rt","mode":"managed","type":"aws_route_table","name":"project-rt","provider_name":"registry.terraform.io/hashicorp/aws","schema_version":0,"values":{"route":[{"carrier_gateway_id":"","cidr_block":"0.0.0.0/0","core_network_arn":"","destination_prefix_list_id":"","egress_only_gateway_id":"","instance_id":"","ipv6_cidr_block":"","local_gateway_id":"","nat_gateway_id":"","network_interface_id":"","transit_gateway_id":"","vpc_endpoint_id":"","vpc_peering_connection_id":""}],"tags":{"Name":"internet gateway"},"tags_all":{"Name":"internet gateway"},"timeouts":null},"sensitive_values":{"propagating_vgws":[],"route":[{}],"tags":{},"tags_all":{}}},{"address":"module.vpc.aws_security_group.project","mode":"managed","type":"aws_security_group","name":"project","provider_name":"registry.terraform.io/hashicorp/aws","schema_version":1,"values":{"description":"Managed by Terraform","egress":[{"cidr_blocks":["0.0.0.0/0"],"description":"","from_port":0,"ipv6_cidr_blocks":["::/0"],"prefix_list_ids":[],"protocol":"-1","security_groups":[],"self":false,"to_port":0}],"ingress":[{"cidr_blocks":["0.0.0.0/0"],"description":"","from_port":0,"ipv6_cidr_blocks":["::/0"],"prefix_list_ids":[],"protocol":"-1","security_groups":[],"self":false,"to_port":0}],"revoke_rules_on_delete":false,"tags":null,"timeouts":null},"sensitive_values":{"egress":[{"cidr_blocks":[false],"ipv6_cidr_blocks":[false],"prefix_list_ids":[],"security_groups":[]}],"ingress":[{"cidr_blocks":[false],"ipv6_cidr_blocks":[false],"prefix_list_ids":[],"security_groups":[]}],"tags_all":{}}},{"address":"module.vpc.aws_subnet.project-subnet-app[0]","mode":"managed","type":"aws_subnet","name":"project-subnet-app","index":0,"provider_name":"registry.terraform.io/hashicorp/aws","schema_version":1,"values":{"assign_ipv6_address_on_creation":false,"availability_zone":"eu-central-1a","cidr_block":"10.12.1.0/24","customer_owned_ipv4_pool":null,"enable_dns64":false,"enable_lni_at_device_index":null,"enable_resource_name_dns_a_record_on_launch":false,"enable_resource_name_dns_aaaa_record_on_launch":false,"ipv6_cidr_block":null,"ipv6_native":false,"map_customer_owned_ip_on_launch":null,"map_public_ip_on_launch":false,"outpost_arn":null,"tags":{"Name":"evilcorp subnet eu-central-1a"},"tags_all":{"Name":"evilcorp subnet eu-central-1a"},"timeouts":null},"sensitive_values":{"tags":{},"tags_all":{}}},{"address":"module.vpc.aws_subnet.project-subnet-app[1]","mode":"managed","type":"aws_subnet","name":"project-subnet-app","index":1,"provider_name":"registry.terraform.io/hashicorp/aws","schema_version":1,"values":{"assign_ipv6_address_on_creation":false,"availability_zone":"eu-central-1b","cidr_block":"10.12.2.0/24","customer_owned_ipv4_pool":null,"enable_dns64":false,"enable_lni_at_device_index":null,"enable_resource_name_dns_a_record_on_launch":false,"enable_resource_name_dns_aaaa_record_on_launch":false,"ipv6_cidr_block":null,"ipv6_native":false,"map_customer_owned_ip_on_launch":null,"map_public_ip_on_launch":false,"outpost_arn":null,"tags":{"Name":"evilcorp subnet eu-central-1b"},"tags_all":{"Name":"evilcorp subnet eu-central-1b"},"timeouts":null},"sensitive_values":{"tags":{},"tags_all":{}}},{"address":"module.vpc.aws_subnet.project-subnet-app[2]","mode":"managed","type":"aws_subnet","name":"project-subnet-app","index":2,"provider_name":"registry.terraform.io/hashicorp/aws","schema_version":1,"values":{"assign_ipv6_address_on_creation":false,"availability_zone":"eu-central-1c","cidr_block":"10.12.3.0/24","customer_owned_ipv4_pool":null,"enable_dns64":false,"enable_lni_at_device_index":null,"enable_resource_name_dns_a_record_on_launch":false,"enable_resource_name_dns_aaaa_record_on_launch":false,"ipv6_cidr_block":null,"ipv6_native":false,"map_customer_owned_ip_on_launch":null,"map_public_ip_on_launch":false,"outpost_arn":null,"tags":{"Name":"evilcorp subnet eu-central-1c"},"tags_all":{"Name":"evilcorp subnet eu-central-1c"},"timeouts":null},"sensitive_values":{"tags":{},"tags_all":{}}},{"address":"module.vpc.aws_subnet.project-subnet-db[0]","mode":"managed","type":"aws_subnet","name":"project-subnet-db","index":0,"provider_name":"registry.terraform.io/hashicorp/aws","schema_version":1,"values":{"assign_ipv6_address_on_creation":false,"availability_zone":"eu-central-1a","cidr_block":"10.11.1.0/24","customer_owned_ipv4_pool":null,"enable_dns64":false,"enable_lni_at_device_index":null,"enable_resource_name_dns_a_record_on_launch":false,"enable_resource_name_dns_aaaa_record_on_launch":false,"ipv6_cidr_block":null,"ipv6_native":false,"map_customer_owned_ip_on_launch":null,"map_public_ip_on_launch":false,"outpost_arn":null,"tags":{"Name":"evilcorp subnet eu-central-1a"},"tags_all":{"Name":"evilcorp subnet eu-central-1a"},"timeouts":null},"sensitive_values":{"tags":{},"tags_all":{}}},{"address":"module.vpc.aws_subnet.project-subnet-db[1]","mode":"managed","type":"aws_subnet","name":"project-subnet-db","index":1,"provider_name":"registry.terraform.io/hashicorp/aws","schema_version":1,"values":{"assign_ipv6_address_on_creation":false,"availability_zone":"eu-central-1b","cidr_block":"10.11.2.0/24","customer_owned_ipv4_pool":null,"enable_dns64":false,"enable_lni_at_device_index":null,"enable_resource_name_dns_a_record_on_launch":false,"enable_resource_name_dns_aaaa_record_on_launch":false,"ipv6_cidr_block":null,"ipv6_native":false,"map_customer_owned_ip_on_launch":null,"map_public_ip_on_launch":false,"outpost_arn":null,"tags":{"Name":"evilcorp subnet eu-central-1b"},"tags_all":{"Name":"evilcorp subnet eu-central-1b"},"timeouts":null},"sensitive_values":{"tags":{},"tags_all":{}}},{"address":"module.vpc.aws_subnet.project-subnet-db[2]","mode":"managed","type":"aws_subnet","name":"project-subnet-db","index":2,"provider_name":"registry.terraform.io/hashicorp/aws","schema_version":1,"values":{"assign_ipv6_address_on_creation":false,"availability_zone":"eu-central-1c","cidr_block":"10.11.3.0/24","customer_owned_ipv4_pool":null,"enable_dns64":false,"enable_lni_at_device_index":null,"enable_resource_name_dns_a_record_on_launch":false,"enable_resource_name_dns_aaaa_record_on_launch":false,"ipv6_cidr_block":null,"ipv6_native":false,"map_customer_owned_ip_on_launch":null,"map_public_ip_on_launch":false,"outpost_arn":null,"tags":{"Name":"evilcorp subnet eu-central-1c"},"tags_all":{"Name":"evilcorp subnet eu-central-1c"},"timeouts":null},"sensitive_values":{"tags":{},"tags_all":{}}},{"address":"module.vpc.aws_subnet.project-subnet-pub[0]","mode":"managed","type":"aws_subnet","name":"project-subnet-pub","index":0,"provider_name":"registry.terraform.io/hashicorp/aws","schema_version":1,"values":{"assign_ipv6_address_on_creation":false,"availability_zone":"eu-central-1a","cidr_block":"10.10.1.0/24","customer_owned_ipv4_pool":null,"enable_dns64":false,"enable_lni_at_device_index":null,"enable_resource_name_dns_a_record_on_launch":false,"enable_resource_name_dns_aaaa_record_on_launch":false,"ipv6_cidr_block":null,"ipv6_native":false,"map_customer_owned_ip_on_launch":null,"map_public_ip_on_launch":false,"outpost_arn":null,"tags":{"Name":"evilcorp subnet eu-central-1a"},"tags_all":{"Name":"evilcorp subnet eu-central-1a"},"timeouts":null},"sensitive_values":{"tags":{},"tags_all":{}}},{"address":"module.vpc.aws_subnet.project-subnet-pub[1]","mode":"managed","type":"aws_subnet","name":"project-subnet-pub","index":1,"provider_name":"registry.terraform.io/hashicorp/aws","schema_version":1,"values":{"assign_ipv6_address_on_creation":false,"availability_zone":"eu-central-1b","cidr_block":"10.10.2.0/24","customer_owned_ipv4_pool":null,"enable_dns64":false,"enable_lni_at_device_index":null,"enable_resource_name_dns_a_record_on_launch":false,"enable_resource_name_dns_aaaa_record_on_launch":false,"ipv6_cidr_block":null,"ipv6_native":false,"map_customer_owned_ip_on_launch":null,"map_public_ip_on_launch":false,"outpost_arn":null,"tags":{"Name":"evilcorp subnet eu-central-1b"},"tags_all":{"Name":"evilcorp subnet eu-central-1b"},"timeouts":null},"sensitive_values":{"tags":{},"tags_all":{}}},{"address":"module.vpc.aws_subnet.project-subnet-pub[2]","mode":"managed","type":"aws_subnet","name":"project-subnet-pub","index":2,"provider_name":"registry.terraform.io/hashicorp/aws","schema_version":1,"values":{"assign_ipv6_address_on_creation":false,"availability_zone":"eu-central-1c","cidr_block":"10.10.3.0/24","customer_owned_ipv4_pool":null,"enable_dns64":false,"enable_lni_at_device_index":null,"enable_resource_name_dns_a_record_on_launch":false,"enable_resource_name_dns_aaaa_record_on_launch":false,"ipv6_cidr_block":null,"ipv6_native":false,"map_customer_owned_ip_on_launch":null,"map_public_ip_on_launch":false,"outpost_arn":null,"tags":{"Name":"evilcorp subnet eu-central-1c"},"tags_all":{"Name":"evilcorp subnet eu-central-1c"},"timeouts":null},"sensitive_values":{"tags":{},"tags_all":{}}},{"address":"module.vpc.aws_vpc.project-vpc-app","mode":"managed","type":"aws_vpc","name":"project-vpc-app","provider_name":"registry.terraform.io/hashicorp/aws","schema_version":1,"values":{"assign_generated_ipv6_cidr_block":null,"cidr_block":"10.12.0.0/16","enable_dns_support":true,"instance_tenancy":"default","ipv4_ipam_pool_id":null,"ipv4_netmask_length":null,"ipv6_ipam_pool_id":null,"ipv6_netmask_length":null,"tags":{"Name":"evilcorp vpc app"},"tags_all":{"Name":"evilcorp vpc app"}},"sensitive_values":{"tags":{},"tags_all":{}}},{"address":"module.vpc.aws_vpc.project-vpc-db","mode":"managed","type":"aws_vpc","name":"project-vpc-db","provider_name":"registry.terraform.io/hashicorp/aws","schema_version":1,"values":{"assign_generated_ipv6_cidr_block":null,"cidr_block":"10.11.0.0/16","enable_dns_support":true,"instance_tenancy":"default","ipv4_ipam_pool_id":null,"ipv4_netmask_length":null,"ipv6_ipam_pool_id":null,"ipv6_netmask_length":null,"tags":{"Name":"evilcorp vpc db"},"tags_all":{"Name":"evilcorp vpc db"}},"sensitive_values":{"tags":{},"tags_all":{}}},{"address":"module.vpc.aws_vpc.project-vpc-pub","mode":"managed","type":"aws_vpc","name":"project-vpc-pub","provider_name":"registry.terraform.io/hashicorp/aws","schema_version":1,"values":{"assign_generated_ipv6_cidr_block":null,"cidr_block":"10.10.0.0/16","enable_dns_support":true,"instance_tenancy":"default","ipv4_ipam_pool_id":null,"ipv4_netmask_length":null,"ipv6_ipam_pool_id":null,"ipv6_netmask_length":null,"tags":{"Name":"evilcorp vpc pub"},"tags_all":{"Name":"evilcorp vpc pub"}},"sensitive_values":{"tags":{},"tags_all":{}}}],"address":"module.vpc"}]}},"resource_changes":[{"address":"module.ecr.aws_ecr_repository.project","module_address":"module.ecr","mode":"managed","type":"aws_ecr_repository","name":"project","provider_name":"registry.terraform.io/hashicorp/aws","change":{"actions":["create"],"before":null,"after":{"encryption_configuration":[],"force_delete":null,"image_scanning_configuration":[{"scan_on_push":false}],"image_tag_mutability":"MUTABLE","name":"evilcorp-registry","tags":null,"timeouts":null},"after_unknown":{"arn":true,"encryption_configuration":[],"id":true,"image_scanning_configuration":[{}],"registry_id":true,"repository_url":true,"tags_all":true},"before_sensitive":false,"after_sensitive":{"encryption_configuration":[],"image_scanning_configuration":[{}],"tags_all":{}}}},{"address":"module.ecs.aws_cloudwatch_log_group.log_group","module_address":"module.ecs","mode":"managed","type":"aws_cloudwatch_log_group","name":"log_group","provider_name":"registry.terraform.io/hashicorp/aws","change":{"actions":["create"],"before":null,"after":{"kms_key_id":null,"name":"evilcorp","retention_in_days":0,"skip_destroy":false,"tags":null},"after_unknown":{"arn":true,"id":true,"name_prefix":true,"tags_all":true},"before_sensitive":false,"after_sensitive":{"tags_all":{}}}},{"address":"module.ecs.aws_ecs_cluster.project","module_address":"module.ecs","mode":"managed","type":"aws_ecs_cluster","name":"project","provider_name":"registry.terraform.io/hashicorp/aws","change":{"actions":["create"],"before":null,"after":{"configuration":[],"name":"evilcorp-cluster","service_connect_defaults":[],"setting":[{"name":"containerInsights","value":"enabled"}],"tags":null},"after_unknown":{"arn":true,"capacity_providers":true,"configuration":[],"default_capacity_provider_strategy":true,"id":true,"service_connect_defaults":[],"setting":[{}],"tags_all":true},"before_sensitive":false,"after_sensitive":{"capacity_providers":[],"configuration":[],"default_capacity_provider_strategy":[],"service_connect_defaults":[],"setting":[{}],"tags_all":{}}}},{"address":"module.ecs.aws_ecs_cluster_capacity_providers.project","module_address":"module.ecs","mode":"managed","type":"aws_ecs_cluster_capacity_providers","name":"project","provider_name":"registry.terraform.io/hashicorp/aws","change":{"actions":["create"],"before":null,"after":{"capacity_providers":["FARGATE"],"cluster_name":"evilcorp-cluster","default_capacity_provider_strategy":[{"base":1,"capacity_provider":"FARGATE","weight":100}]},"after_unknown":{"capacity_providers":[false],"default_capacity_provider_strategy":[{}],"id":true},"before_sensitive":false,"after_sensitive":{"capacity_providers":[false],"default_capacity_provider_strategy":[{}]}}},{"address":"module.ecs.aws_ecs_service.project","module_address":"module.ecs","mode":"managed","type":"aws_ecs_service","name":"project","provider_name":"registry.terraform.io/hashicorp/aws","change":{"actions":["create"],"before":null,"after":{"alarms":[],"capacity_provider_strategy":[],"deployment_circuit_breaker":[],"deployment_controller":[],"deployment_maximum_percent":200,"deployment_minimum_healthy_percent":100,"desired_count":1,"enable_ecs_managed_tags":false,"enable_execute_command":false,"force_new_deployment":null,"health_check_grace_period_seconds":null,"load_balancer":[{"container_name":"evilcorp","container_port":80,"elb_name":""}],"name":"evilcorp-svc","network_configuration":[{"assign_public_ip":true}],"ordered_placement_strategy":[],"placement_constraints":[],"propagate_tags":null,"scheduling_strategy":"REPLICA","service_connect_configuration":[],"service_registries":[],"tags":null,"timeouts":null,"wait_for_steady_state":false},"after_unknown":{"alarms":[],"capacity_provider_strategy":[],"cluster":true,"deployment_circuit_breaker":[],"deployment_controller":[],"iam_role":true,"id":true,"launch_type":true,"load_balancer":[{"target_group_arn":true}],"network_configuration":[{"security_groups":true,"subnets":true}],"ordered_placement_strategy":[],"placement_constraints":[],"platform_version":true,"service_connect_configuration":[],"service_registries":[],"tags_all":true,"task_definition":true,"triggers":true},"before_sensitive":false,"after_sensitive":{"alarms":[],"capacity_provider_strategy":[],"deployment_circuit_breaker":[],"deployment_controller":[],"load_balancer":[{}],"network_configuration":[{"security_groups":[],"subnets":[]}],"ordered_placement_strategy":[],"placement_constraints":[],"service_connect_configuration":[],"service_registries":[],"tags_all":{},"triggers":{}}}},{"address":"module.ecs.aws_ecs_task_definition.project","module_address":"module.ecs","mode":"managed","type":"aws_ecs_task_definition","name":"project","provider_name":"registry.terraform.io/hashicorp/aws","change":{"actions":["create"],"before":null,"after":{"cpu":"256","ephemeral_storage":[],"execution_role_arn":"arn:aws:iam::225563488370:role/ecsTaskExecutionRole","family":"evilcorp-service","inference_accelerator":[],"ipc_mode":null,"memory":"512","network_mode":"awsvpc","pid_mode":null,"placement_constraints":[],"proxy_configuration":[],"requires_compatibilities":["FARGATE"],"runtime_platform":[{"cpu_architecture":null,"operating_system_family":"LINUX"}],"skip_destroy":false,"tags":null,"task_role_arn":"arn:aws:iam::225563488370:role/ecsTaskExecutionRole","volume":[]},"after_unknown":{"arn":true,"arn_without_revision":true,"container_definitions":true,"ephemeral_storage":[],"id":true,"inference_accelerator":[],"placement_constraints":[],"proxy_configuration":[],"requires_compatibilities":[false],"revision":true,"runtime_platform":[{}],"tags_all":true,"volume":[]},"before_sensitive":false,"after_sensitive":{"ephemeral_storage":[],"inference_accelerator":[],"placement_constraints":[],"proxy_configuration":[],"requires_compatibilities":[false],"runtime_platform":[{}],"tags_all":{},"volume":[]}}},{"address":"module.ecs.aws_lb.project","module_address":"module.ecs","mode":"managed","type":"aws_lb","name":"project","provider_name":"registry.terraform.io/hashicorp/aws","change":{"actions":["create"],"before":null,"after":{"access_logs":[],"customer_owned_ipv4_pool":null,"desync_mitigation_mode":"defensive","drop_invalid_header_fields":false,"enable_cross_zone_load_balancing":null,"enable_deletion_protection":false,"enable_http2":true,"enable_tls_version_and_cipher_suite_headers":false,"enable_waf_fail_open":false,"enable_xff_client_port":false,"idle_timeout":60,"internal":false,"load_balancer_type":"application","name":"evilcorp-lb","name_prefix":null,"preserve_host_header":false,"tags":null,"timeouts":null,"xff_header_processing_mode":"append"},"after_unknown":{"access_logs":[],"arn":true,"arn_suffix":true,"dns_name":true,"id":true,"ip_address_type":true,"security_groups":true,"subnet_mapping":true,"subnets":true,"tags_all":true,"vpc_id":true,"zone_id":true},"before_sensitive":false,"after_sensitive":{"access_logs":[],"security_groups":[],"subnet_mapping":[],"subnets":[],"tags_all":{}}}},{"address":"module.ecs.aws_lb_listener.project","module_address":"module.ecs","mode":"managed","type":"aws_lb_listener","name":"project","provider_name":"registry.terraform.io/hashicorp/aws","change":{"actions":["create"],"before":null,"after":{"alpn_policy":null,"certificate_arn":null,"default_action":[{"authenticate_cognito":[],"authenticate_oidc":[],"fixed_response":[],"forward":[],"redirect":[],"type":"forward"}],"port":80,"protocol":"HTTP","tags":null,"timeouts":null},"after_unknown":{"arn":true,"default_action":[{"authenticate_cognito":[],"authenticate_oidc":[],"fixed_response":[],"forward":[],"order":true,"redirect":[],"target_group_arn":true}],"id":true,"load_balancer_arn":true,"ssl_policy":true,"tags_all":true},"before_sensitive":false,"after_sensitive":{"default_action":[{"authenticate_cognito":[],"authenticate_oidc":[],"fixed_response":[],"forward":[],"redirect":[]}],"tags_all":{}}}},{"address":"module.ecs.aws_lb_target_group.project","module_address":"module.ecs","mode":"managed","type":"aws_lb_target_group","name":"project","provider_name":"registry.terraform.io/hashicorp/aws","change":{"actions":["create"],"before":null,"after":{"connection_termination":false,"deregistration_delay":"300","lambda_multi_value_headers_enabled":false,"name":"evilcorp-tg","name_prefix":null,"port":80,"protocol":"HTTP","proxy_protocol_v2":false,"slow_start":0,"tags":null,"target_type":"ip"},"after_unknown":{"arn":true,"arn_suffix":true,"health_check":true,"id":true,"ip_address_type":true,"load_balancing_algorithm_type":true,"load_balancing_cross_zone_enabled":true,"preserve_client_ip":true,"protocol_version":true,"stickiness":true,"tags_all":true,"target_failover":true,"vpc_id":true},"before_sensitive":false,"after_sensitive":{"health_check":[],"stickiness":[],"tags_all":{},"target_failover":[]}}},{"address":"module.ecs.aws_security_group.project","module_address":"module.ecs","mode":"managed","type":"aws_security_group","name":"project","provider_name":"registry.terraform.io/hashicorp/aws","change":{"actions":["create"],"before":null,"after":{"description":"evilcorp lbs sg","egress":[{"cidr_blocks":["0.0.0.0/0"],"description":"","from_port":0,"ipv6_cidr_blocks":["::/0"],"prefix_list_ids":[],"protocol":"-1","security_groups":[],"self":false,"to_port":0}],"ingress":[{"cidr_blocks":["0.0.0.0/0"],"description":"tcp allow","from_port":0,"ipv6_cidr_blocks":[],"prefix_list_ids":[],"protocol":"tcp","security_groups":[],"self":false,"to_port":0}],"name":"evilcorp-lbs-sg","revoke_rules_on_delete":false,"tags":null,"timeouts":null},"after_unknown":{"arn":true,"egress":[{"cidr_blocks":[false],"ipv6_cidr_blocks":[false],"prefix_list_ids":[],"security_groups":[]}],"id":true,"ingress":[{"cidr_blocks":[false],"ipv6_cidr_blocks":[],"prefix_list_ids":[],"security_groups":[]}],"name_prefix":true,"owner_id":true,"tags_all":true,"vpc_id":true},"before_sensitive":false,"after_sensitive":{"egress":[{"cidr_blocks":[false],"ipv6_cidr_blocks":[false],"prefix_list_ids":[],"security_groups":[]}],"ingress":[{"cidr_blocks":[false],"ipv6_cidr_blocks":[],"prefix_list_ids":[],"security_groups":[]}],"tags_all":{}}}},{"address":"module.ecs.aws_security_group.project-ecs","module_address":"module.ecs","mode":"managed","type":"aws_security_group","name":"project-ecs","provider_name":"registry.terraform.io/hashicorp/aws","change":{"actions":["create"],"before":null,"after":{"description":"evilcorp ecs sg","egress":[{"cidr_blocks":["0.0.0.0/0"],"description":"","from_port":0,"ipv6_cidr_blocks":["::/0"],"prefix_list_ids":[],"protocol":"-1","security_groups":[],"self":false,"to_port":0}],"ingress":[{"cidr_blocks":[],"description":"alb allow","from_port":0,"ipv6_cidr_blocks":[],"prefix_list_ids":[],"protocol":"tcp","self":false,"to_port":0}],"name":"evilcorp-ecs-sg","revoke_rules_on_delete":false,"tags":null,"timeouts":null},"after_unknown":{"arn":true,"egress":[{"cidr_blocks":[false],"ipv6_cidr_blocks":[false],"prefix_list_ids":[],"security_groups":[]}],"id":true,"ingress":[{"cidr_blocks":[],"ipv6_cidr_blocks":[],"prefix_list_ids":[],"security_groups":true}],"name_prefix":true,"owner_id":true,"tags_all":true,"vpc_id":true},"before_sensitive":false,"after_sensitive":{"egress":[{"cidr_blocks":[false],"ipv6_cidr_blocks":[false],"prefix_list_ids":[],"security_groups":[]}],"ingress":[{"cidr_blocks":[],"ipv6_cidr_blocks":[],"prefix_list_ids":[],"security_groups":[]}],"tags_all":{}}}},{"address":"module.ecs.aws_security_group_rule.project","module_address":"module.ecs","mode":"managed","type":"aws_security_group_rule","name":"project","provider_name":"registry.terraform.io/hashicorp/aws","change":{"actions":["create"],"before":null,"after":{"cidr_blocks":["0.0.0.0/0"],"description":null,"from_port":80,"ipv6_cidr_blocks":null,"prefix_list_ids":null,"protocol":"tcp","self":false,"timeouts":null,"to_port":80,"type":"ingress"},"after_unknown":{"cidr_blocks":[false],"id":true,"security_group_id":true,"security_group_rule_id":true,"source_security_group_id":true},"before_sensitive":false,"after_sensitive":{"cidr_blocks":[false]}}},{"address":"module.iam.aws_iam_access_key.users","module_address":"module.iam","mode":"managed","type":"aws_iam_access_key","name":"users","provider_name":"registry.terraform.io/hashicorp/aws","change":{"actions":["create"],"before":null,"after":{"pgp_key":null,"status":"Active","user":"evilcorp-user"},"after_unknown":{"create_date":true,"encrypted_secret":true,"encrypted_ses_smtp_password_v4":true,"id":true,"key_fingerprint":true,"secret":true,"ses_smtp_password_v4":true},"before_sensitive":false,"after_sensitive":{"secret":true,"ses_smtp_password_v4":true}}},{"address":"module.iam.aws_iam_group.developers","module_address":"module.iam","mode":"managed","type":"aws_iam_group","name":"developers","provider_name":"registry.terraform.io/hashicorp/aws","change":{"actions":["create"],"before":null,"after":{"name":"evilcorp-devs","path":"/"},"after_unknown":{"arn":true,"id":true,"unique_id":true},"before_sensitive":false,"after_sensitive":{}}},{"address":"module.iam.aws_iam_group_membership.team","module_address":"module.iam","mode":"managed","type":"aws_iam_group_membership","name":"team","provider_name":"registry.terraform.io/hashicorp/aws","change":{"actions":["create"],"before":null,"after":{"group":"evilcorp-devs","name":"evilcorp-group-membership","users":["evilcorp-user"]},"after_unknown":{"id":true,"users":[false]},"before_sensitive":false,"after_sensitive":{"users":[false]}}},{"address":"module.iam.aws_iam_group_policy_attachment.policy-attach","module_address":"module.iam","mode":"managed","type":"aws_iam_group_policy_attachment","name":"policy-attach","provider_name":"registry.terraform.io/hashicorp/aws","change":{"actions":["create"],"before":null,"after":{"group":"evilcorp-devs","policy_arn":"arn:aws:iam::aws:policy/AdministratorAccess"},"after_unknown":{"id":true},"before_sensitive":false,"after_sensitive":{}}},{"address":"module.iam.aws_iam_user.users","module_address":"module.iam","mode":"managed","type":"aws_iam_user","name":"users","provider_name":"registry.terraform.io/hashicorp/aws","change":{"actions":["create"],"before":null,"after":{"force_destroy":false,"name":"evilcorp-user","path":"/","permissions_boundary":null,"tags":null},"after_unknown":{"arn":true,"id":true,"tags_all":true,"unique_id":true},"before_sensitive":false,"after_sensitive":{"tags_all":{}}}},{"address":"module.vpc.aws_internet_gateway.project-igw","module_address":"module.vpc","mode":"managed","type":"aws_internet_gateway","name":"project-igw","provider_name":"registry.terraform.io/hashicorp/aws","change":{"actions":["create"],"before":null,"after":{"tags":{"Name":"internet gateway"},"tags_all":{"Name":"internet gateway"},"timeouts":null},"after_unknown":{"arn":true,"id":true,"owner_id":true,"tags":{},"tags_all":{},"vpc_id":true},"before_sensitive":false,"after_sensitive":{"tags":{},"tags_all":{}}}},{"address":"module.vpc.aws_route_table.project-rt","module_address":"module.vpc","mode":"managed","type":"aws_route_table","name":"project-rt","provider_name":"registry.terraform.io/hashicorp/aws","change":{"actions":["create"],"before":null,"after":{"route":[{"carrier_gateway_id":"","cidr_block":"0.0.0.0/0","core_network_arn":"","destination_prefix_list_id":"","egress_only_gateway_id":"","instance_id":"","ipv6_cidr_block":"","local_gateway_id":"","nat_gateway_id":"","network_interface_id":"","transit_gateway_id":"","vpc_endpoint_id":"","vpc_peering_connection_id":""}],"tags":{"Name":"internet gateway"},"tags_all":{"Name":"internet gateway"},"timeouts":null},"after_unknown":{"arn":true,"id":true,"owner_id":true,"propagating_vgws":true,"route":[{"gateway_id":true}],"tags":{},"tags_all":{},"vpc_id":true},"before_sensitive":false,"after_sensitive":{"propagating_vgws":[],"route":[{}],"tags":{},"tags_all":{}}}},{"address":"module.vpc.aws_security_group.project","module_address":"module.vpc","mode":"managed","type":"aws_security_group","name":"project","provider_name":"registry.terraform.io/hashicorp/aws","change":{"actions":["create"],"before":null,"after":{"description":"Managed by Terraform","egress":[{"cidr_blocks":["0.0.0.0/0"],"description":"","from_port":0,"ipv6_cidr_blocks":["::/0"],"prefix_list_ids":[],"protocol":"-1","security_groups":[],"self":false,"to_port":0}],"ingress":[{"cidr_blocks":["0.0.0.0/0"],"description":"","from_port":0,"ipv6_cidr_blocks":["::/0"],"prefix_list_ids":[],"protocol":"-1","security_groups":[],"self":false,"to_port":0}],"revoke_rules_on_delete":false,"tags":null,"timeouts":null},"after_unknown":{"arn":true,"egress":[{"cidr_blocks":[false],"ipv6_cidr_blocks":[false],"prefix_list_ids":[],"security_groups":[]}],"id":true,"ingress":[{"cidr_blocks":[false],"ipv6_cidr_blocks":[false],"prefix_list_ids":[],"security_groups":[]}],"name":true,"name_prefix":true,"owner_id":true,"tags_all":true,"vpc_id":true},"before_sensitive":false,"after_sensitive":{"egress":[{"cidr_blocks":[false],"ipv6_cidr_blocks":[false],"prefix_list_ids":[],"security_groups":[]}],"ingress":[{"cidr_blocks":[false],"ipv6_cidr_blocks":[false],"prefix_list_ids":[],"security_groups":[]}],"tags_all":{}}}},{"address":"module.vpc.aws_subnet.project-subnet-app[0]","module_address":"module.vpc","mode":"managed","type":"aws_subnet","name":"project-subnet-app","index":0,"provider_name":"registry.terraform.io/hashicorp/aws","change":{"actions":["create"],"before":null,"after":{"assign_ipv6_address_on_creation":false,"availability_zone":"eu-central-1a","cidr_block":"10.12.1.0/24","customer_owned_ipv4_pool":null,"enable_dns64":false,"enable_lni_at_device_index":null,"enable_resource_name_dns_a_record_on_launch":false,"enable_resource_name_dns_aaaa_record_on_launch":false,"ipv6_cidr_block":null,"ipv6_native":false,"map_customer_owned_ip_on_launch":null,"map_public_ip_on_launch":false,"outpost_arn":null,"tags":{"Name":"evilcorp subnet eu-central-1a"},"tags_all":{"Name":"evilcorp subnet eu-central-1a"},"timeouts":null},"after_unknown":{"arn":true,"availability_zone_id":true,"id":true,"ipv6_cidr_block_association_id":true,"owner_id":true,"private_dns_hostname_type_on_launch":true,"tags":{},"tags_all":{},"vpc_id":true},"before_sensitive":false,"after_sensitive":{"tags":{},"tags_all":{}}}},{"address":"module.vpc.aws_subnet.project-subnet-app[1]","module_address":"module.vpc","mode":"managed","type":"aws_subnet","name":"project-subnet-app","index":1,"provider_name":"registry.terraform.io/hashicorp/aws","change":{"actions":["create"],"before":null,"after":{"assign_ipv6_address_on_creation":false,"availability_zone":"eu-central-1b","cidr_block":"10.12.2.0/24","customer_owned_ipv4_pool":null,"enable_dns64":false,"enable_lni_at_device_index":null,"enable_resource_name_dns_a_record_on_launch":false,"enable_resource_name_dns_aaaa_record_on_launch":false,"ipv6_cidr_block":null,"ipv6_native":false,"map_customer_owned_ip_on_launch":null,"map_public_ip_on_launch":false,"outpost_arn":null,"tags":{"Name":"evilcorp subnet eu-central-1b"},"tags_all":{"Name":"evilcorp subnet eu-central-1b"},"timeouts":null},"after_unknown":{"arn":true,"availability_zone_id":true,"id":true,"ipv6_cidr_block_association_id":true,"owner_id":true,"private_dns_hostname_type_on_launch":true,"tags":{},"tags_all":{},"vpc_id":true},"before_sensitive":false,"after_sensitive":{"tags":{},"tags_all":{}}}},{"address":"module.vpc.aws_subnet.project-subnet-app[2]","module_address":"module.vpc","mode":"managed","type":"aws_subnet","name":"project-subnet-app","index":2,"provider_name":"registry.terraform.io/hashicorp/aws","change":{"actions":["create"],"before":null,"after":{"assign_ipv6_address_on_creation":false,"availability_zone":"eu-central-1c","cidr_block":"10.12.3.0/24","customer_owned_ipv4_pool":null,"enable_dns64":false,"enable_lni_at_device_index":null,"enable_resource_name_dns_a_record_on_launch":false,"enable_resource_name_dns_aaaa_record_on_launch":false,"ipv6_cidr_block":null,"ipv6_native":false,"map_customer_owned_ip_on_launch":null,"map_public_ip_on_launch":false,"outpost_arn":null,"tags":{"Name":"evilcorp subnet eu-central-1c"},"tags_all":{"Name":"evilcorp subnet eu-central-1c"},"timeouts":null},"after_unknown":{"arn":true,"availability_zone_id":true,"id":true,"ipv6_cidr_block_association_id":true,"owner_id":true,"private_dns_hostname_type_on_launch":true,"tags":{},"tags_all":{},"vpc_id":true},"before_sensitive":false,"after_sensitive":{"tags":{},"tags_all":{}}}},{"address":"module.vpc.aws_subnet.project-subnet-db[0]","module_address":"module.vpc","mode":"managed","type":"aws_subnet","name":"project-subnet-db","index":0,"provider_name":"registry.terraform.io/hashicorp/aws","change":{"actions":["create"],"before":null,"after":{"assign_ipv6_address_on_creation":false,"availability_zone":"eu-central-1a","cidr_block":"10.11.1.0/24","customer_owned_ipv4_pool":null,"enable_dns64":false,"enable_lni_at_device_index":null,"enable_resource_name_dns_a_record_on_launch":false,"enable_resource_name_dns_aaaa_record_on_launch":false,"ipv6_cidr_block":null,"ipv6_native":false,"map_customer_owned_ip_on_launch":null,"map_public_ip_on_launch":false,"outpost_arn":null,"tags":{"Name":"evilcorp subnet eu-central-1a"},"tags_all":{"Name":"evilcorp subnet eu-central-1a"},"timeouts":null},"after_unknown":{"arn":true,"availability_zone_id":true,"id":true,"ipv6_cidr_block_association_id":true,"owner_id":true,"private_dns_hostname_type_on_launch":true,"tags":{},"tags_all":{},"vpc_id":true},"before_sensitive":false,"after_sensitive":{"tags":{},"tags_all":{}}}},{"address":"module.vpc.aws_subnet.project-subnet-db[1]","module_address":"module.vpc","mode":"managed","type":"aws_subnet","name":"project-subnet-db","index":1,"provider_name":"registry.terraform.io/hashicorp/aws","change":{"actions":["create"],"before":null,"after":{"assign_ipv6_address_on_creation":false,"availability_zone":"eu-central-1b","cidr_block":"10.11.2.0/24","customer_owned_ipv4_pool":null,"enable_dns64":false,"enable_lni_at_device_index":null,"enable_resource_name_dns_a_record_on_launch":false,"enable_resource_name_dns_aaaa_record_on_launch":false,"ipv6_cidr_block":null,"ipv6_native":false,"map_customer_owned_ip_on_launch":null,"map_public_ip_on_launch":false,"outpost_arn":null,"tags":{"Name":"evilcorp subnet eu-central-1b"},"tags_all":{"Name":"evilcorp subnet eu-central-1b"},"timeouts":null},"after_unknown":{"arn":true,"availability_zone_id":true,"id":true,"ipv6_cidr_block_association_id":true,"owner_id":true,"private_dns_hostname_type_on_launch":true,"tags":{},"tags_all":{},"vpc_id":true},"before_sensitive":false,"after_sensitive":{"tags":{},"tags_all":{}}}},{"address":"module.vpc.aws_subnet.project-subnet-db[2]","module_address":"module.vpc","mode":"managed","type":"aws_subnet","name":"project-subnet-db","index":2,"provider_name":"registry.terraform.io/hashicorp/aws","change":{"actions":["create"],"before":null,"after":{"assign_ipv6_address_on_creation":false,"availability_zone":"eu-central-1c","cidr_block":"10.11.3.0/24","customer_owned_ipv4_pool":null,"enable_dns64":false,"enable_lni_at_device_index":null,"enable_resource_name_dns_a_record_on_launch":false,"enable_resource_name_dns_aaaa_record_on_launch":false,"ipv6_cidr_block":null,"ipv6_native":false,"map_customer_owned_ip_on_launch":null,"map_public_ip_on_launch":false,"outpost_arn":null,"tags":{"Name":"evilcorp subnet eu-central-1c"},"tags_all":{"Name":"evilcorp subnet eu-central-1c"},"timeouts":null},"after_unknown":{"arn":true,"availability_zone_id":true,"id":true,"ipv6_cidr_block_association_id":true,"owner_id":true,"private_dns_hostname_type_on_launch":true,"tags":{},"tags_all":{},"vpc_id":true},"before_sensitive":false,"after_sensitive":{"tags":{},"tags_all":{}}}},{"address":"module.vpc.aws_subnet.project-subnet-pub[0]","module_address":"module.vpc","mode":"managed","type":"aws_subnet","name":"project-subnet-pub","index":0,"provider_name":"registry.terraform.io/hashicorp/aws","change":{"actions":["create"],"before":null,"after":{"assign_ipv6_address_on_creation":false,"availability_zone":"eu-central-1a","cidr_block":"10.10.1.0/24","customer_owned_ipv4_pool":null,"enable_dns64":false,"enable_lni_at_device_index":null,"enable_resource_name_dns_a_record_on_launch":false,"enable_resource_name_dns_aaaa_record_on_launch":false,"ipv6_cidr_block":null,"ipv6_native":false,"map_customer_owned_ip_on_launch":null,"map_public_ip_on_launch":false,"outpost_arn":null,"tags":{"Name":"evilcorp subnet eu-central-1a"},"tags_all":{"Name":"evilcorp subnet eu-central-1a"},"timeouts":null},"after_unknown":{"arn":true,"availability_zone_id":true,"id":true,"ipv6_cidr_block_association_id":true,"owner_id":true,"private_dns_hostname_type_on_launch":true,"tags":{},"tags_all":{},"vpc_id":true},"before_sensitive":false,"after_sensitive":{"tags":{},"tags_all":{}}}},{"address":"module.vpc.aws_subnet.project-subnet-pub[1]","module_address":"module.vpc","mode":"managed","type":"aws_subnet","name":"project-subnet-pub","index":1,"provider_name":"registry.terraform.io/hashicorp/aws","change":{"actions":["create"],"before":null,"after":{"assign_ipv6_address_on_creation":false,"availability_zone":"eu-central-1b","cidr_block":"10.10.2.0/24","customer_owned_ipv4_pool":null,"enable_dns64":false,"enable_lni_at_device_index":null,"enable_resource_name_dns_a_record_on_launch":false,"enable_resource_name_dns_aaaa_record_on_launch":false,"ipv6_cidr_block":null,"ipv6_native":false,"map_customer_owned_ip_on_launch":null,"map_public_ip_on_launch":false,"outpost_arn":null,"tags":{"Name":"evilcorp subnet eu-central-1b"},"tags_all":{"Name":"evilcorp subnet eu-central-1b"},"timeouts":null},"after_unknown":{"arn":true,"availability_zone_id":true,"id":true,"ipv6_cidr_block_association_id":true,"owner_id":true,"private_dns_hostname_type_on_launch":true,"tags":{},"tags_all":{},"vpc_id":true},"before_sensitive":false,"after_sensitive":{"tags":{},"tags_all":{}}}},{"address":"module.vpc.aws_subnet.project-subnet-pub[2]","module_address":"module.vpc","mode":"managed","type":"aws_subnet","name":"project-subnet-pub","index":2,"provider_name":"registry.terraform.io/hashicorp/aws","change":{"actions":["create"],"before":null,"after":{"assign_ipv6_address_on_creation":false,"availability_zone":"eu-central-1c","cidr_block":"10.10.3.0/24","customer_owned_ipv4_pool":null,"enable_dns64":false,"enable_lni_at_device_index":null,"enable_resource_name_dns_a_record_on_launch":false,"enable_resource_name_dns_aaaa_record_on_launch":false,"ipv6_cidr_block":null,"ipv6_native":false,"map_customer_owned_ip_on_launch":null,"map_public_ip_on_launch":false,"outpost_arn":null,"tags":{"Name":"evilcorp subnet eu-central-1c"},"tags_all":{"Name":"evilcorp subnet eu-central-1c"},"timeouts":null},"after_unknown":{"arn":true,"availability_zone_id":true,"id":true,"ipv6_cidr_block_association_id":true,"owner_id":true,"private_dns_hostname_type_on_launch":true,"tags":{},"tags_all":{},"vpc_id":true},"before_sensitive":false,"after_sensitive":{"tags":{},"tags_all":{}}}},{"address":"module.vpc.aws_vpc.project-vpc-app","module_address":"module.vpc","mode":"managed","type":"aws_vpc","name":"project-vpc-app","provider_name":"registry.terraform.io/hashicorp/aws","change":{"actions":["create"],"before":null,"after":{"assign_generated_ipv6_cidr_block":null,"cidr_block":"10.12.0.0/16","enable_dns_support":true,"instance_tenancy":"default","ipv4_ipam_pool_id":null,"ipv4_netmask_length":null,"ipv6_ipam_pool_id":null,"ipv6_netmask_length":null,"tags":{"Name":"evilcorp vpc app"},"tags_all":{"Name":"evilcorp vpc app"}},"after_unknown":{"arn":true,"default_network_acl_id":true,"default_route_table_id":true,"default_security_group_id":true,"dhcp_options_id":true,"enable_classiclink":true,"enable_classiclink_dns_support":true,"enable_dns_hostnames":true,"enable_network_address_usage_metrics":true,"id":true,"ipv6_association_id":true,"ipv6_cidr_block":true,"ipv6_cidr_block_network_border_group":true,"main_route_table_id":true,"owner_id":true,"tags":{},"tags_all":{}},"before_sensitive":false,"after_sensitive":{"tags":{},"tags_all":{}}}},{"address":"module.vpc.aws_vpc.project-vpc-db","module_address":"module.vpc","mode":"managed","type":"aws_vpc","name":"project-vpc-db","provider_name":"registry.terraform.io/hashicorp/aws","change":{"actions":["create"],"before":null,"after":{"assign_generated_ipv6_cidr_block":null,"cidr_block":"10.11.0.0/16","enable_dns_support":true,"instance_tenancy":"default","ipv4_ipam_pool_id":null,"ipv4_netmask_length":null,"ipv6_ipam_pool_id":null,"ipv6_netmask_length":null,"tags":{"Name":"evilcorp vpc db"},"tags_all":{"Name":"evilcorp vpc db"}},"after_unknown":{"arn":true,"default_network_acl_id":true,"default_route_table_id":true,"default_security_group_id":true,"dhcp_options_id":true,"enable_classiclink":true,"enable_classiclink_dns_support":true,"enable_dns_hostnames":true,"enable_network_address_usage_metrics":true,"id":true,"ipv6_association_id":true,"ipv6_cidr_block":true,"ipv6_cidr_block_network_border_group":true,"main_route_table_id":true,"owner_id":true,"tags":{},"tags_all":{}},"before_sensitive":false,"after_sensitive":{"tags":{},"tags_all":{}}}},{"address":"module.vpc.aws_vpc.project-vpc-pub","module_address":"module.vpc","mode":"managed","type":"aws_vpc","name":"project-vpc-pub","provider_name":"registry.terraform.io/hashicorp/aws","change":{"actions":["create"],"before":null,"after":{"assign_generated_ipv6_cidr_block":null,"cidr_block":"10.10.0.0/16","enable_dns_support":true,"instance_tenancy":"default","ipv4_ipam_pool_id":null,"ipv4_netmask_length":null,"ipv6_ipam_pool_id":null,"ipv6_netmask_length":null,"tags":{"Name":"evilcorp vpc pub"},"tags_all":{"Name":"evilcorp vpc pub"}},"after_unknown":{"arn":true,"default_network_acl_id":true,"default_route_table_id":true,"default_security_group_id":true,"dhcp_options_id":true,"enable_classiclink":true,"enable_classiclink_dns_support":true,"enable_dns_hostnames":true,"enable_network_address_usage_metrics":true,"id":true,"ipv6_association_id":true,"ipv6_cidr_block":true,"ipv6_cidr_block_network_border_group":true,"main_route_table_id":true,"owner_id":true,"tags":{},"tags_all":{}},"before_sensitive":false,"after_sensitive":{"tags":{},"tags_all":{}}}}],"configuration":{"provider_config":{"aws":{"name":"aws","full_name":"registry.terraform.io/hashicorp/aws","version_constraint":"~\u003e 4.0","expressions":{"region":{"constant_value":"eu-central-1"}}}},"root_module":{"module_calls":{"ecr":{"source":"./modules/ecr","expressions":{"projectname":{"references":["var.projectname"]}},"module":{"outputs":{"rep_url":{"expression":{"references":["aws_ecr_repository.project.repository_url","aws_ecr_repository.project"]}}},"resources":[{"address":"aws_ecr_repository.project","mode":"managed","type":"aws_ecr_repository","name":"project","provider_config_key":"aws","expressions":{"image_scanning_configuration":[{"scan_on_push":{"constant_value":false}}],"image_tag_mutability":{"constant_value":"MUTABLE"},"name":{"references":["var.projectname"]}},"schema_version":0}],"variables":{"projectname":{}}}},"ecs":{"source":"./modules/ecs","expressions":{"image":{"references":["var.image"]},"projectname":{"references":["var.projectname"]},"rep_url":{"references":["module.ecr.rep_url","module.ecr"]},"subnet_app_id":{"references":["module.vpc.subnet_app","module.vpc"]},"subnet_id":{"references":["module.vpc.subnet_main","module.vpc"]},"vpc_app_id":{"references":["module.vpc.vpc_app","module.vpc"]},"vpc_id":{"references":["module.vpc.vpc_main","module.vpc"]}},"module":{"outputs":{"main_alb":{"expression":{"references":["aws_lb.project"]}}},"resources":[{"address":"aws_cloudwatch_log_group.log_group","mode":"managed","type":"aws_cloudwatch_log_group","name":"log_group","provider_config_key":"aws","expressions":{"name":{"references":["var.projectname"]}},"schema_version":0},{"address":"aws_ecs_cluster.project","mode":"managed","type":"aws_ecs_cluster","name":"project","provider_config_key":"aws","expressions":{"name":{"references":["var.projectname"]},"setting":[{"name":{"constant_value":"containerInsights"},"value":{"constant_value":"enabled"}}]},"schema_version":0},{"address":"aws_ecs_cluster_capacity_providers.project","mode":"managed","type":"aws_ecs_cluster_capacity_providers","name":"project","provider_config_key":"aws","expressions":{"capacity_providers":{"constant_value":["FARGATE"]},"cluster_name":{"references":["aws_ecs_cluster.project.name","aws_ecs_cluster.project"]},"default_capacity_provider_strategy":[{"base":{"constant_value":1},"capacity_provider":{"constant_value":"FARGATE"},"weight":{"constant_value":100}}]},"schema_version":0},{"address":"aws_ecs_service.project","mode":"managed","type":"aws_ecs_service","name":"project","provider_config_key":"aws","expressions":{"cluster":{"references":["aws_ecs_cluster.project.id","aws_ecs_cluster.project"]},"desired_count":{"constant_value":1},"load_balancer":[{"container_name":{"references":["var.projectname"]},"container_port":{"constant_value":80},"target_group_arn":{"references":["aws_lb_target_group.project.id","aws_lb_target_group.project"]}}],"name":{"references":["var.projectname"]},"network_configuration":[{"assign_public_ip":{"constant_value":true},"security_groups":{"references":["aws_security_group.project-ecs.id","aws_security_group.project-ecs"]},"subnets":{"references":["var.subnet_id"]}}],"task_definition":{"references":["aws_ecs_task_definition.project.arn","aws_ecs_task_definition.project"]}},"schema_version":0,"depends_on":["aws_security_group.project-ecs"]},{"address":"aws_ecs_task_definition.project","mode":"managed","type":"aws_ecs_task_definition","name":"project","provider_config_key":"aws","expressions":{"container_definitions":{"references":["var.projectname","var.rep_url","var.image","var.execrole","aws_cloudwatch_log_group.log_group.name","aws_cloudwatch_log_group.log_group"]},"cpu":{"constant_value":256},"execution_role_arn":{"references":["var.execrole"]},"family":{"references":["var.projectname"]},"memory":{"constant_value":512},"network_mode":{"constant_value":"awsvpc"},"requires_compatibilities":{"constant_value":["FARGATE"]},"runtime_platform":[{"operating_system_family":{"constant_value":"LINUX"}}],"task_role_arn":{"references":["var.execrole"]}},"schema_version":1},{"address":"aws_lb.project","mode":"managed","type":"aws_lb","name":"project","provider_config_key":"aws","expressions":{"enable_deletion_protection":{"constant_value":false},"internal":{"constant_value":false},"load_balancer_type":{"constant_value":"application"},"name":{"references":["var.projectname"]},"security_groups":{"references":["aws_security_group.project.id","aws_security_group.project"]},"subnets":{"references":["var.subnet_id"]}},"schema_version":0},{"address":"aws_lb_listener.project","mode":"managed","type":"aws_lb_listener","name":"project","provider_config_key":"aws","expressions":{"default_action":[{"target_group_arn":{"references":["aws_lb_target_group.project.arn","aws_lb_target_group.project"]},"type":{"constant_value":"forward"}}],"load_balancer_arn":{"references":["aws_lb.project.arn","aws_lb.project"]},"port":{"constant_value":"80"},"protocol":{"constant_value":"HTTP"}},"schema_version":0},{"address":"aws_lb_target_group.project","mode":"managed","type":"aws_lb_target_group","name":"project","provider_config_key":"aws","expressions":{"name":{"references":["var.projectname"]},"port":{"constant_value":80},"protocol":{"constant_value":"HTTP"},"target_type":{"constant_value":"ip"},"vpc_id":{"references":["var.vpc_id"]}},"schema_version":0},{"address":"aws_security_group.project","mode":"managed","type":"aws_security_group","name":"project","provider_config_key":"aws","expressions":{"description":{"references":["var.projectname"]},"egress":{"constant_value":[{"cidr_blocks":["0.0.0.0/0"],"description":null,"from_port":0,"ipv6_cidr_blocks":["::/0"],"prefix_list_ids":null,"protocol":"-1","security_groups":null,"self":null,"to_port":0}]},"ingress":{"constant_value":[{"cidr_blocks":["0.0.0.0/0"],"description":"tcp allow","from_port":0,"ipv6_cidr_blocks":null,"prefix_list_ids":null,"protocol":"tcp","security_groups":null,"self":null,"to_port":0}]},"name":{"references":["var.projectname"]},"vpc_id":{"references":["var.vpc_id"]}},"schema_version":1},{"address":"aws_security_group.project-ecs","mode":"managed","type":"aws_security_group","name":"project-ecs","provider_config_key":"aws","expressions":{"description":{"references":["var.projectname"]},"egress":{"constant_value":[{"cidr_blocks":["0.0.0.0/0"],"description":null,"from_port":0,"ipv6_cidr_blocks":["::/0"],"prefix_list_ids":null,"protocol":"-1","security_groups":null,"self":null,"to_port":0}]},"ingress":{"references":["aws_security_group.project.id","aws_security_group.project"]},"name":{"references":["var.projectname"]},"vpc_id":{"references":["var.vpc_id"]}},"schema_version":1},{"address":"aws_security_group_rule.project","mode":"managed","type":"aws_security_group_rule","name":"project","provider_config_key":"aws","expressions":{"cidr_blocks":{"constant_value":["0.0.0.0/0"]},"from_port":{"constant_value":80},"protocol":{"constant_value":"tcp"},"security_group_id":{"references":["aws_security_group.project.id","aws_security_group.project"]},"to_port":{"constant_value":80},"type":{"constant_value":"ingress"}},"schema_version":2}],"variables":{"execrole":{"default":"arn:aws:iam::225563488370:role/ecsTaskExecutionRole"},"image":{"default":"docker.io/ubuntu"},"projectname":{},"rep_url":{},"subnet_app_id":{"description":"Subnet ID for Application"},"subnet_id":{"description":"Subnet ID"},"vpc_app_id":{"description":"VPC ID for Application"},"vpc_id":{"description":"VPC ID"}}}},"iam":{"source":"./modules/iam","expressions":{"projectname":{"references":["var.projectname"]}},"module":{"resources":[{"address":"aws_iam_access_key.users","mode":"managed","type":"aws_iam_access_key","name":"users","provider_config_key":"aws","expressions":{"user":{"references":["aws_iam_user.users.name","aws_iam_user.users"]}},"schema_version":0},{"address":"aws_iam_group.developers","mode":"managed","type":"aws_iam_group","name":"developers","provider_config_key":"aws","expressions":{"name":{"references":["var.projectname"]}},"schema_version":0},{"address":"aws_iam_group_membership.team","mode":"managed","type":"aws_iam_group_membership","name":"team","provider_config_key":"aws","expressions":{"group":{"references":["aws_iam_group.developers.name","aws_iam_group.developers"]},"name":{"references":["var.projectname"]},"users":{"references":["aws_iam_user.users.name","aws_iam_user.users"]}},"schema_version":0},{"address":"aws_iam_group_policy_attachment.policy-attach","mode":"managed","type":"aws_iam_group_policy_attachment","name":"policy-attach","provider_config_key":"aws","expressions":{"group":{"references":["aws_iam_group.developers.name","aws_iam_group.developers"]},"policy_arn":{"constant_value":"arn:aws:iam::aws:policy/AdministratorAccess"}},"schema_version":0},{"address":"aws_iam_user.users","mode":"managed","type":"aws_iam_user","name":"users","provider_config_key":"aws","expressions":{"name":{"references":["var.projectname"]}},"schema_version":0}],"variables":{"projectname":{}}}},"vpc":{"source":"./modules/vpc","expressions":{"projectname":{"references":["var.projectname"]}},"module":{"outputs":{"sg_main":{"expression":{"references":["aws_security_group.project.id","aws_security_group.project"]}},"subnet_app":{"expression":{"references":["aws_subnet.project-subnet-app"]}},"subnet_db":{"expression":{"references":["aws_subnet.project-subnet-db"]}},"subnet_main":{"expression":{"references":["aws_subnet.project-subnet-pub"]}},"vpc_app":{"expression":{"references":["aws_vpc.project-vpc-app.id","aws_vpc.project-vpc-app"]}},"vpc_main":{"expression":{"references":["aws_vpc.project-vpc-pub.id","aws_vpc.project-vpc-pub"]}}},"resources":[{"address":"aws_internet_gateway.project-igw","mode":"managed","type":"aws_internet_gateway","name":"project-igw","provider_config_key":"aws","expressions":{"tags":{"references":["var.igw_pub[0][\"desc\"]","var.igw_pub[0]","var.igw_pub"]},"vpc_id":{"references":["aws_vpc.project-vpc-pub.id","aws_vpc.project-vpc-pub"]}},"schema_version":0},{"address":"aws_route_table.project-rt","mode":"managed","type":"aws_route_table","name":"project-rt","provider_config_key":"aws","expressions":{"route":{"references":["aws_internet_gateway.project-igw.id","aws_internet_gateway.project-igw"]},"tags":{"references":["var.igw_pub[0][\"desc\"]","var.igw_pub[0]","var.igw_pub"]},"vpc_id":{"references":["aws_vpc.project-vpc-pub.id","aws_vpc.project-vpc-pub"]}},"schema_version":0},{"address":"aws_security_group.project","mode":"managed","type":"aws_security_group","name":"project","provider_config_key":"aws","expressions":{"egress":{"constant_value":[{"cidr_blocks":["0.0.0.0/0"],"description":null,"from_port":0,"ipv6_cidr_blocks":["::/0"],"prefix_list_ids":null,"protocol":"-1","security_groups":null,"self":null,"to_port":0}]},"ingress":{"constant_value":[{"cidr_blocks":["0.0.0.0/0"],"description":null,"from_port":0,"ipv6_cidr_blocks":["::/0"],"prefix_list_ids":null,"protocol":"-1","security_groups":null,"self":null,"to_port":0}]},"vpc_id":{"references":["aws_vpc.project-vpc-pub.id","aws_vpc.project-vpc-pub"]}},"schema_version":1},{"address":"aws_subnet.project-subnet-app","mode":"managed","type":"aws_subnet","name":"project-subnet-app","provider_config_key":"aws","expressions":{"availability_zone":{"references":["var.subnets","count.index"]},"cidr_block":{"references":["var.vpc_app[0][\"iprange\"]","var.vpc_app[0]","var.vpc_app","count.index"]},"tags":{"references":["var.projectname","var.subnets","count.index"]},"vpc_id":{"references":["aws_vpc.project-vpc-app.id","aws_vpc.project-vpc-app"]}},"schema_version":1,"count_expression":{"references":["var.subnets"]}},{"address":"aws_subnet.project-subnet-db","mode":"managed","type":"aws_subnet","name":"project-subnet-db","provider_config_key":"aws","expressions":{"availability_zone":{"references":["var.subnets","count.index"]},"cidr_block":{"references":["var.vpc_db[0][\"iprange\"]","var.vpc_db[0]","var.vpc_db","count.index"]},"tags":{"references":["var.projectname","var.subnets","count.index"]},"vpc_id":{"references":["aws_vpc.project-vpc-db.id","aws_vpc.project-vpc-db"]}},"schema_version":1,"count_expression":{"references":["var.subnets"]}},{"address":"aws_subnet.project-subnet-pub","mode":"managed","type":"aws_subnet","name":"project-subnet-pub","provider_config_key":"aws","expressions":{"availability_zone":{"references":["var.subnets","count.index"]},"cidr_block":{"references":["var.vpc_pub[0][\"iprange\"]","var.vpc_pub[0]","var.vpc_pub","count.index"]},"tags":{"references":["var.projectname","var.subnets","count.index"]},"vpc_id":{"references":["aws_vpc.project-vpc-pub.id","aws_vpc.project-vpc-pub"]}},"schema_version":1,"count_expression":{"references":["var.subnets"]}},{"address":"aws_vpc.project-vpc-app","mode":"managed","type":"aws_vpc","name":"project-vpc-app","provider_config_key":"aws","expressions":{"cidr_block":{"references":["var.vpc_app[0][\"iprange\"]","var.vpc_app[0]","var.vpc_app"]},"tags":{"references":["var.projectname","var.vpc_app[0][\"desc\"]","var.vpc_app[0]","var.vpc_app"]}},"schema_version":1},{"address":"aws_vpc.project-vpc-db","mode":"managed","type":"aws_vpc","name":"project-vpc-db","provider_config_key":"aws","expressions":{"cidr_block":{"references":["var.vpc_db[0][\"iprange\"]","var.vpc_db[0]","var.vpc_db"]},"tags":{"references":["var.projectname","var.vpc_db[0][\"desc\"]","var.vpc_db[0]","var.vpc_db"]}},"schema_version":1},{"address":"aws_vpc.project-vpc-pub","mode":"managed","type":"aws_vpc","name":"project-vpc-pub","provider_config_key":"aws","expressions":{"cidr_block":{"references":["var.vpc_pub[0][\"iprange\"]","var.vpc_pub[0]","var.vpc_pub"]},"tags":{"references":["var.projectname","var.vpc_pub[0][\"desc\"]","var.vpc_pub[0]","var.vpc_pub"]}},"schema_version":1}],"variables":{"igw_pub":{"default":[{"desc":"internet gateway"}]},"projectname":{},"subnets":{"default":[{"az":"eu-central-1a","cidr":"1"},{"az":"eu-central-1b","cidr":"2"},{"az":"eu-central-1c","cidr":"3"}]},"vpc_app":{"default":[{"desc":"vpc app","iprange":"12"}]},"vpc_db":{"default":[{"desc":"vpc db","iprange":"11"}]},"vpc_pub":{"default":[{"desc":"vpc pub","iprange":"10"}]}}}}},"variables":{"image":{"default":"image"},"projectname":{"default":"projectname1"}}}},"relevant_attributes":[{"resource":"module.iam.aws_iam_group.developers","attribute":["name"]},{"resource":"module.vpc.aws_vpc.project-vpc-pub","attribute":["id"]},{"resource":"module.vpc.aws_vpc.project-vpc-db","attribute":["id"]},{"resource":"module.ecs.aws_lb.project","attribute":["arn"]},{"resource":"module.vpc.aws_subnet.project-subnet-pub","attribute":[]},{"resource":"module.iam.aws_iam_user.users","attribute":["name"]},{"resource":"module.ecs.aws_ecs_cluster.project","attribute":["name"]},{"resource":"module.vpc.aws_internet_gateway.project-igw","attribute":["id"]},{"resource":"module.ecs.aws_security_group.project","attribute":["id"]},{"resource":"module.vpc.aws_subnet.project-subnet-app","attribute":[]},{"resource":"module.ecs.aws_lb.project","attribute":[]},{"resource":"module.vpc.aws_vpc.project-vpc-app","attribute":["id"]},{"resource":"module.ecs.aws_cloudwatch_log_group.log_group","attribute":["name"]},{"resource":"module.ecs.aws_lb_target_group.project","attribute":["arn"]},{"resource":"module.ecs.aws_ecs_task_definition.project","attribute":["arn"]},{"resource":"module.ecs.aws_ecs_cluster.project","attribute":["id"]},{"resource":"module.vpc.aws_subnet.project-subnet-db","attribute":[]},{"resource":"module.vpc.aws_security_group.project","attribute":["id"]},{"resource":"module.ecs.aws_lb_target_group.project","attribute":["id"]},{"resource":"module.ecs.aws_security_group.project-ecs","attribute":["id"]},{"resource":"module.ecr.aws_ecr_repository.project","attribute":["repository_url"]}]}
